// !$*UTF8*$!
{
	archiveVersion = 1;
	classes = {
	};
	objectVersion = 56;
	objects = {

/* Begin PBXBuildFile section */
		1A8CC78B2A7855E700E7F0E9 /* AppDelegate.swift in Sources */ = {isa = PBXBuildFile; fileRef = 1A8CC78A2A7855E700E7F0E9 /* AppDelegate.swift */; };
		1A8CC78D2A7855E700E7F0E9 /* SceneDelegate.swift in Sources */ = {isa = PBXBuildFile; fileRef = 1A8CC78C2A7855E700E7F0E9 /* SceneDelegate.swift */; };
		1A8CC78F2A7855E700E7F0E9 /* ViewController.swift in Sources */ = {isa = PBXBuildFile; fileRef = 1A8CC78E2A7855E700E7F0E9 /* ViewController.swift */; };
		1A8CC7922A7855E700E7F0E9 /* Main.storyboard in Resources */ = {isa = PBXBuildFile; fileRef = 1A8CC7902A7855E700E7F0E9 /* Main.storyboard */; };
		1A8CC7942A7855E800E7F0E9 /* Assets.xcassets in Resources */ = {isa = PBXBuildFile; fileRef = 1A8CC7932A7855E800E7F0E9 /* Assets.xcassets */; };
		1A8CC7972A7855E800E7F0E9 /* LaunchScreen.storyboard in Resources */ = {isa = PBXBuildFile; fileRef = 1A8CC7952A7855E800E7F0E9 /* LaunchScreen.storyboard */; };
		1A8CC79F2A78567C00E7F0E9 /* silence.mp3 in Resources */ = {isa = PBXBuildFile; fileRef = 1A8CC79E2A78567C00E7F0E9 /* silence.mp3 */; };
		1A8CC7A92A78570C00E7F0E9 /* LiveActivityShared.docc in Sources */ = {isa = PBXBuildFile; fileRef = 1A8CC7A82A78570C00E7F0E9 /* LiveActivityShared.docc */; };
		1A8CC7AF2A78570D00E7F0E9 /* LiveActivityShared.framework in Frameworks */ = {isa = PBXBuildFile; fileRef = 1A8CC7A52A78570C00E7F0E9 /* LiveActivityShared.framework */; };
		1A8CC7B62A78570D00E7F0E9 /* LiveActivitySharedTests.swift in Sources */ = {isa = PBXBuildFile; fileRef = 1A8CC7B52A78570D00E7F0E9 /* LiveActivitySharedTests.swift */; };
		1A8CC7B72A78570D00E7F0E9 /* LiveActivityShared.h in Headers */ = {isa = PBXBuildFile; fileRef = 1A8CC7A72A78570C00E7F0E9 /* LiveActivityShared.h */; settings = {ATTRIBUTES = (Public, ); }; };
		1A8CC7BA2A78570D00E7F0E9 /* LiveActivityShared.framework in Frameworks */ = {isa = PBXBuildFile; fileRef = 1A8CC7A52A78570C00E7F0E9 /* LiveActivityShared.framework */; };
		1A8CC7BB2A78570D00E7F0E9 /* LiveActivityShared.framework in Embed Frameworks */ = {isa = PBXBuildFile; fileRef = 1A8CC7A52A78570C00E7F0E9 /* LiveActivityShared.framework */; settings = {ATTRIBUTES = (CodeSignOnCopy, RemoveHeadersOnCopy, ); }; };
		1A8CC7C42A78573D00E7F0E9 /* ActivityAttributes.swift in Sources */ = {isa = PBXBuildFile; fileRef = 1A8CC7C32A78573D00E7F0E9 /* ActivityAttributes.swift */; };
		1A8CC7CC2A78595900E7F0E9 /* WidgetKit.framework in Frameworks */ = {isa = PBXBuildFile; fileRef = 1A8CC7CB2A78595900E7F0E9 /* WidgetKit.framework */; };
		1A8CC7CE2A78595900E7F0E9 /* SwiftUI.framework in Frameworks */ = {isa = PBXBuildFile; fileRef = 1A8CC7CD2A78595900E7F0E9 /* SwiftUI.framework */; };
		1A8CC7D12A78595900E7F0E9 /* LiveActivityBugWidgetBundle.swift in Sources */ = {isa = PBXBuildFile; fileRef = 1A8CC7D02A78595900E7F0E9 /* LiveActivityBugWidgetBundle.swift */; };
		1A8CC7D32A78595900E7F0E9 /* LiveActivityBugWidgetLiveActivity.swift in Sources */ = {isa = PBXBuildFile; fileRef = 1A8CC7D22A78595900E7F0E9 /* LiveActivityBugWidgetLiveActivity.swift */; };
		1A8CC7D52A78595900E7F0E9 /* LiveActivityBugWidget.swift in Sources */ = {isa = PBXBuildFile; fileRef = 1A8CC7D42A78595900E7F0E9 /* LiveActivityBugWidget.swift */; };
		1A8CC7D82A78595A00E7F0E9 /* Assets.xcassets in Resources */ = {isa = PBXBuildFile; fileRef = 1A8CC7D72A78595A00E7F0E9 /* Assets.xcassets */; };
		1A8CC7DA2A78595A00E7F0E9 /* LiveActivityBugWidget.intentdefinition in Sources */ = {isa = PBXBuildFile; fileRef = 1A8CC7D62A78595900E7F0E9 /* LiveActivityBugWidget.intentdefinition */; };
		1A8CC7DB2A78595A00E7F0E9 /* LiveActivityBugWidget.intentdefinition in Sources */ = {isa = PBXBuildFile; fileRef = 1A8CC7D62A78595900E7F0E9 /* LiveActivityBugWidget.intentdefinition */; };
		1A8CC7DE2A78595A00E7F0E9 /* LiveActivityBugWidgetExtension.appex in Embed Foundation Extensions */ = {isa = PBXBuildFile; fileRef = 1A8CC7C92A78595900E7F0E9 /* LiveActivityBugWidgetExtension.appex */; settings = {ATTRIBUTES = (RemoveHeadersOnCopy, ); }; };
		1A8CC7E32A78597900E7F0E9 /* LiveActivityShared.framework in Frameworks */ = {isa = PBXBuildFile; fileRef = 1A8CC7A52A78570C00E7F0E9 /* LiveActivityShared.framework */; };
		1A8CC7E42A78597900E7F0E9 /* LiveActivityShared.framework in Embed Frameworks */ = {isa = PBXBuildFile; fileRef = 1A8CC7A52A78570C00E7F0E9 /* LiveActivityShared.framework */; settings = {ATTRIBUTES = (CodeSignOnCopy, RemoveHeadersOnCopy, ); }; };
/* End PBXBuildFile section */

/* Begin PBXContainerItemProxy section */
		1A8CC7B02A78570D00E7F0E9 /* PBXContainerItemProxy */ = {
			isa = PBXContainerItemProxy;
			containerPortal = 1A8CC77F2A7855E700E7F0E9 /* Project object */;
			proxyType = 1;
			remoteGlobalIDString = 1A8CC7A42A78570C00E7F0E9;
			remoteInfo = LiveActivityShared;
		};
		1A8CC7B22A78570D00E7F0E9 /* PBXContainerItemProxy */ = {
			isa = PBXContainerItemProxy;
			containerPortal = 1A8CC77F2A7855E700E7F0E9 /* Project object */;
			proxyType = 1;
			remoteGlobalIDString = 1A8CC7862A7855E700E7F0E9;
			remoteInfo = LiveActivityBugTest;
		};
		1A8CC7B82A78570D00E7F0E9 /* PBXContainerItemProxy */ = {
			isa = PBXContainerItemProxy;
			containerPortal = 1A8CC77F2A7855E700E7F0E9 /* Project object */;
			proxyType = 1;
			remoteGlobalIDString = 1A8CC7A42A78570C00E7F0E9;
			remoteInfo = LiveActivityShared;
		};
		1A8CC7DC2A78595A00E7F0E9 /* PBXContainerItemProxy */ = {
			isa = PBXContainerItemProxy;
			containerPortal = 1A8CC77F2A7855E700E7F0E9 /* Project object */;
			proxyType = 1;
			remoteGlobalIDString = 1A8CC7C82A78595900E7F0E9;
			remoteInfo = LiveActivityBugWidgetExtension;
		};
		1A8CC7E52A78597A00E7F0E9 /* PBXContainerItemProxy */ = {
			isa = PBXContainerItemProxy;
			containerPortal = 1A8CC77F2A7855E700E7F0E9 /* Project object */;
			proxyType = 1;
			remoteGlobalIDString = 1A8CC7A42A78570C00E7F0E9;
			remoteInfo = LiveActivityShared;
		};
/* End PBXContainerItemProxy section */

/* Begin PBXCopyFilesBuildPhase section */
		1A8CC7BF2A78570D00E7F0E9 /* Embed Frameworks */ = {
			isa = PBXCopyFilesBuildPhase;
			buildActionMask = 2147483647;
			dstPath = "";
			dstSubfolderSpec = 10;
			files = (
				1A8CC7BB2A78570D00E7F0E9 /* LiveActivityShared.framework in Embed Frameworks */,
			);
			name = "Embed Frameworks";
			runOnlyForDeploymentPostprocessing = 0;
		};
		1A8CC7E22A78595A00E7F0E9 /* Embed Foundation Extensions */ = {
			isa = PBXCopyFilesBuildPhase;
			buildActionMask = 2147483647;
			dstPath = "";
			dstSubfolderSpec = 13;
			files = (
				1A8CC7DE2A78595A00E7F0E9 /* LiveActivityBugWidgetExtension.appex in Embed Foundation Extensions */,
			);
			name = "Embed Foundation Extensions";
			runOnlyForDeploymentPostprocessing = 0;
		};
		1A8CC7E72A78597A00E7F0E9 /* Embed Frameworks */ = {
			isa = PBXCopyFilesBuildPhase;
			buildActionMask = 2147483647;
			dstPath = "";
			dstSubfolderSpec = 10;
			files = (
				1A8CC7E42A78597900E7F0E9 /* LiveActivityShared.framework in Embed Frameworks */,
			);
			name = "Embed Frameworks";
			runOnlyForDeploymentPostprocessing = 0;
		};
/* End PBXCopyFilesBuildPhase section */

/* Begin PBXFileReference section */
		1A8CC7872A7855E700E7F0E9 /* LiveActivityBugTest.app */ = {isa = PBXFileReference; explicitFileType = wrapper.application; includeInIndex = 0; path = LiveActivityBugTest.app; sourceTree = BUILT_PRODUCTS_DIR; };
		1A8CC78A2A7855E700E7F0E9 /* AppDelegate.swift */ = {isa = PBXFileReference; lastKnownFileType = sourcecode.swift; path = AppDelegate.swift; sourceTree = "<group>"; };
		1A8CC78C2A7855E700E7F0E9 /* SceneDelegate.swift */ = {isa = PBXFileReference; lastKnownFileType = sourcecode.swift; path = SceneDelegate.swift; sourceTree = "<group>"; };
		1A8CC78E2A7855E700E7F0E9 /* ViewController.swift */ = {isa = PBXFileReference; lastKnownFileType = sourcecode.swift; path = ViewController.swift; sourceTree = "<group>"; };
		1A8CC7912A7855E700E7F0E9 /* Base */ = {isa = PBXFileReference; lastKnownFileType = file.storyboard; name = Base; path = Base.lproj/Main.storyboard; sourceTree = "<group>"; };
		1A8CC7932A7855E800E7F0E9 /* Assets.xcassets */ = {isa = PBXFileReference; lastKnownFileType = folder.assetcatalog; path = Assets.xcassets; sourceTree = "<group>"; };
		1A8CC7962A7855E800E7F0E9 /* Base */ = {isa = PBXFileReference; lastKnownFileType = file.storyboard; name = Base; path = Base.lproj/LaunchScreen.storyboard; sourceTree = "<group>"; };
		1A8CC7982A7855E800E7F0E9 /* Info.plist */ = {isa = PBXFileReference; lastKnownFileType = text.plist.xml; path = Info.plist; sourceTree = "<group>"; };
		1A8CC79E2A78567C00E7F0E9 /* silence.mp3 */ = {isa = PBXFileReference; lastKnownFileType = audio.mp3; path = silence.mp3; sourceTree = "<group>"; };
		1A8CC7A52A78570C00E7F0E9 /* LiveActivityShared.framework */ = {isa = PBXFileReference; explicitFileType = wrapper.framework; includeInIndex = 0; path = LiveActivityShared.framework; sourceTree = BUILT_PRODUCTS_DIR; };
		1A8CC7A72A78570C00E7F0E9 /* LiveActivityShared.h */ = {isa = PBXFileReference; lastKnownFileType = sourcecode.c.h; path = LiveActivityShared.h; sourceTree = "<group>"; };
		1A8CC7A82A78570C00E7F0E9 /* LiveActivityShared.docc */ = {isa = PBXFileReference; lastKnownFileType = folder.documentationcatalog; path = LiveActivityShared.docc; sourceTree = "<group>"; };
		1A8CC7AE2A78570D00E7F0E9 /* LiveActivitySharedTests.xctest */ = {isa = PBXFileReference; explicitFileType = wrapper.cfbundle; includeInIndex = 0; path = LiveActivitySharedTests.xctest; sourceTree = BUILT_PRODUCTS_DIR; };
		1A8CC7B52A78570D00E7F0E9 /* LiveActivitySharedTests.swift */ = {isa = PBXFileReference; lastKnownFileType = sourcecode.swift; path = LiveActivitySharedTests.swift; sourceTree = "<group>"; };
		1A8CC7C32A78573D00E7F0E9 /* ActivityAttributes.swift */ = {isa = PBXFileReference; lastKnownFileType = sourcecode.swift; path = ActivityAttributes.swift; sourceTree = "<group>"; };
		1A8CC7C92A78595900E7F0E9 /* LiveActivityBugWidgetExtension.appex */ = {isa = PBXFileReference; explicitFileType = "wrapper.app-extension"; includeInIndex = 0; path = LiveActivityBugWidgetExtension.appex; sourceTree = BUILT_PRODUCTS_DIR; };
		1A8CC7CB2A78595900E7F0E9 /* WidgetKit.framework */ = {isa = PBXFileReference; lastKnownFileType = wrapper.framework; name = WidgetKit.framework; path = System/Library/Frameworks/WidgetKit.framework; sourceTree = SDKROOT; };
		1A8CC7CD2A78595900E7F0E9 /* SwiftUI.framework */ = {isa = PBXFileReference; lastKnownFileType = wrapper.framework; name = SwiftUI.framework; path = System/Library/Frameworks/SwiftUI.framework; sourceTree = SDKROOT; };
		1A8CC7D02A78595900E7F0E9 /* LiveActivityBugWidgetBundle.swift */ = {isa = PBXFileReference; lastKnownFileType = sourcecode.swift; path = LiveActivityBugWidgetBundle.swift; sourceTree = "<group>"; };
		1A8CC7D22A78595900E7F0E9 /* LiveActivityBugWidgetLiveActivity.swift */ = {isa = PBXFileReference; lastKnownFileType = sourcecode.swift; path = LiveActivityBugWidgetLiveActivity.swift; sourceTree = "<group>"; };
		1A8CC7D42A78595900E7F0E9 /* LiveActivityBugWidget.swift */ = {isa = PBXFileReference; lastKnownFileType = sourcecode.swift; path = LiveActivityBugWidget.swift; sourceTree = "<group>"; };
		1A8CC7D62A78595900E7F0E9 /* LiveActivityBugWidget.intentdefinition */ = {isa = PBXFileReference; lastKnownFileType = file.intentdefinition; path = LiveActivityBugWidget.intentdefinition; sourceTree = "<group>"; };
		1A8CC7D72A78595A00E7F0E9 /* Assets.xcassets */ = {isa = PBXFileReference; lastKnownFileType = folder.assetcatalog; path = Assets.xcassets; sourceTree = "<group>"; };
		1A8CC7D92A78595A00E7F0E9 /* Info.plist */ = {isa = PBXFileReference; lastKnownFileType = text.plist.xml; path = Info.plist; sourceTree = "<group>"; };
/* End PBXFileReference section */

/* Begin PBXFrameworksBuildPhase section */
		1A8CC7842A7855E700E7F0E9 /* Frameworks */ = {
			isa = PBXFrameworksBuildPhase;
			buildActionMask = 2147483647;
			files = (
				1A8CC7BA2A78570D00E7F0E9 /* LiveActivityShared.framework in Frameworks */,
			);
			runOnlyForDeploymentPostprocessing = 0;
		};
		1A8CC7A22A78570C00E7F0E9 /* Frameworks */ = {
			isa = PBXFrameworksBuildPhase;
			buildActionMask = 2147483647;
			files = (
			);
			runOnlyForDeploymentPostprocessing = 0;
		};
		1A8CC7AB2A78570D00E7F0E9 /* Frameworks */ = {
			isa = PBXFrameworksBuildPhase;
			buildActionMask = 2147483647;
			files = (
				1A8CC7AF2A78570D00E7F0E9 /* LiveActivityShared.framework in Frameworks */,
			);
			runOnlyForDeploymentPostprocessing = 0;
		};
		1A8CC7C62A78595900E7F0E9 /* Frameworks */ = {
			isa = PBXFrameworksBuildPhase;
			buildActionMask = 2147483647;
			files = (
				1A8CC7CE2A78595900E7F0E9 /* SwiftUI.framework in Frameworks */,
				1A8CC7E32A78597900E7F0E9 /* LiveActivityShared.framework in Frameworks */,
				1A8CC7CC2A78595900E7F0E9 /* WidgetKit.framework in Frameworks */,
			);
			runOnlyForDeploymentPostprocessing = 0;
		};
/* End PBXFrameworksBuildPhase section */

/* Begin PBXGroup section */
		1A8CC77E2A7855E700E7F0E9 = {
			isa = PBXGroup;
			children = (
				1A8CC7892A7855E700E7F0E9 /* LiveActivityBugTest */,
				1A8CC7A62A78570C00E7F0E9 /* LiveActivityShared */,
				1A8CC7B42A78570D00E7F0E9 /* LiveActivitySharedTests */,
				1A8CC7CF2A78595900E7F0E9 /* LiveActivityBugWidget */,
				1A8CC7CA2A78595900E7F0E9 /* Frameworks */,
				1A8CC7882A7855E700E7F0E9 /* Products */,
			);
			sourceTree = "<group>";
		};
		1A8CC7882A7855E700E7F0E9 /* Products */ = {
			isa = PBXGroup;
			children = (
				1A8CC7872A7855E700E7F0E9 /* LiveActivityBugTest.app */,
				1A8CC7A52A78570C00E7F0E9 /* LiveActivityShared.framework */,
				1A8CC7AE2A78570D00E7F0E9 /* LiveActivitySharedTests.xctest */,
				1A8CC7C92A78595900E7F0E9 /* LiveActivityBugWidgetExtension.appex */,
			);
			name = Products;
			sourceTree = "<group>";
		};
		1A8CC7892A7855E700E7F0E9 /* LiveActivityBugTest */ = {
			isa = PBXGroup;
			children = (
				1A8CC78A2A7855E700E7F0E9 /* AppDelegate.swift */,
				1A8CC78C2A7855E700E7F0E9 /* SceneDelegate.swift */,
				1A8CC78E2A7855E700E7F0E9 /* ViewController.swift */,
				1A8CC79E2A78567C00E7F0E9 /* silence.mp3 */,
				1A8CC7902A7855E700E7F0E9 /* Main.storyboard */,
				1A8CC7932A7855E800E7F0E9 /* Assets.xcassets */,
				1A8CC7952A7855E800E7F0E9 /* LaunchScreen.storyboard */,
				1A8CC7982A7855E800E7F0E9 /* Info.plist */,
			);
			path = LiveActivityBugTest;
			sourceTree = "<group>";
		};
		1A8CC7A62A78570C00E7F0E9 /* LiveActivityShared */ = {
			isa = PBXGroup;
			children = (
				1A8CC7A72A78570C00E7F0E9 /* LiveActivityShared.h */,
				1A8CC7A82A78570C00E7F0E9 /* LiveActivityShared.docc */,
				1A8CC7C32A78573D00E7F0E9 /* ActivityAttributes.swift */,
			);
			path = LiveActivityShared;
			sourceTree = "<group>";
		};
		1A8CC7B42A78570D00E7F0E9 /* LiveActivitySharedTests */ = {
			isa = PBXGroup;
			children = (
				1A8CC7B52A78570D00E7F0E9 /* LiveActivitySharedTests.swift */,
			);
			path = LiveActivitySharedTests;
			sourceTree = "<group>";
		};
		1A8CC7CA2A78595900E7F0E9 /* Frameworks */ = {
			isa = PBXGroup;
			children = (
				1A8CC7CB2A78595900E7F0E9 /* WidgetKit.framework */,
				1A8CC7CD2A78595900E7F0E9 /* SwiftUI.framework */,
			);
			name = Frameworks;
			sourceTree = "<group>";
		};
		1A8CC7CF2A78595900E7F0E9 /* LiveActivityBugWidget */ = {
			isa = PBXGroup;
			children = (
				1A8CC7D02A78595900E7F0E9 /* LiveActivityBugWidgetBundle.swift */,
				1A8CC7D22A78595900E7F0E9 /* LiveActivityBugWidgetLiveActivity.swift */,
				1A8CC7D42A78595900E7F0E9 /* LiveActivityBugWidget.swift */,
				1A8CC7D62A78595900E7F0E9 /* LiveActivityBugWidget.intentdefinition */,
				1A8CC7D72A78595A00E7F0E9 /* Assets.xcassets */,
				1A8CC7D92A78595A00E7F0E9 /* Info.plist */,
			);
			path = LiveActivityBugWidget;
			sourceTree = "<group>";
		};
/* End PBXGroup section */

/* Begin PBXHeadersBuildPhase section */
		1A8CC7A02A78570C00E7F0E9 /* Headers */ = {
			isa = PBXHeadersBuildPhase;
			buildActionMask = 2147483647;
			files = (
				1A8CC7B72A78570D00E7F0E9 /* LiveActivityShared.h in Headers */,
			);
			runOnlyForDeploymentPostprocessing = 0;
		};
/* End PBXHeadersBuildPhase section */

/* Begin PBXNativeTarget section */
		1A8CC7862A7855E700E7F0E9 /* LiveActivityBugTest */ = {
			isa = PBXNativeTarget;
			buildConfigurationList = 1A8CC79B2A7855E800E7F0E9 /* Build configuration list for PBXNativeTarget "LiveActivityBugTest" */;
			buildPhases = (
				1A8CC7832A7855E700E7F0E9 /* Sources */,
				1A8CC7842A7855E700E7F0E9 /* Frameworks */,
				1A8CC7852A7855E700E7F0E9 /* Resources */,
				1A8CC7BF2A78570D00E7F0E9 /* Embed Frameworks */,
				1A8CC7E22A78595A00E7F0E9 /* Embed Foundation Extensions */,
			);
			buildRules = (
			);
			dependencies = (
				1A8CC7B92A78570D00E7F0E9 /* PBXTargetDependency */,
				1A8CC7DD2A78595A00E7F0E9 /* PBXTargetDependency */,
			);
			name = LiveActivityBugTest;
			productName = LiveActivityBugTest;
			productReference = 1A8CC7872A7855E700E7F0E9 /* LiveActivityBugTest.app */;
			productType = "com.apple.product-type.application";
		};
		1A8CC7A42A78570C00E7F0E9 /* LiveActivityShared */ = {
			isa = PBXNativeTarget;
			buildConfigurationList = 1A8CC7BC2A78570D00E7F0E9 /* Build configuration list for PBXNativeTarget "LiveActivityShared" */;
			buildPhases = (
				1A8CC7A02A78570C00E7F0E9 /* Headers */,
				1A8CC7A12A78570C00E7F0E9 /* Sources */,
				1A8CC7A22A78570C00E7F0E9 /* Frameworks */,
				1A8CC7A32A78570C00E7F0E9 /* Resources */,
			);
			buildRules = (
			);
			dependencies = (
			);
			name = LiveActivityShared;
			productName = LiveActivityShared;
			productReference = 1A8CC7A52A78570C00E7F0E9 /* LiveActivityShared.framework */;
			productType = "com.apple.product-type.framework";
		};
		1A8CC7AD2A78570D00E7F0E9 /* LiveActivitySharedTests */ = {
			isa = PBXNativeTarget;
			buildConfigurationList = 1A8CC7C02A78570D00E7F0E9 /* Build configuration list for PBXNativeTarget "LiveActivitySharedTests" */;
			buildPhases = (
				1A8CC7AA2A78570D00E7F0E9 /* Sources */,
				1A8CC7AB2A78570D00E7F0E9 /* Frameworks */,
				1A8CC7AC2A78570D00E7F0E9 /* Resources */,
			);
			buildRules = (
			);
			dependencies = (
				1A8CC7B12A78570D00E7F0E9 /* PBXTargetDependency */,
				1A8CC7B32A78570D00E7F0E9 /* PBXTargetDependency */,
			);
			name = LiveActivitySharedTests;
			productName = LiveActivitySharedTests;
			productReference = 1A8CC7AE2A78570D00E7F0E9 /* LiveActivitySharedTests.xctest */;
			productType = "com.apple.product-type.bundle.unit-test";
		};
		1A8CC7C82A78595900E7F0E9 /* LiveActivityBugWidgetExtension */ = {
			isa = PBXNativeTarget;
			buildConfigurationList = 1A8CC7DF2A78595A00E7F0E9 /* Build configuration list for PBXNativeTarget "LiveActivityBugWidgetExtension" */;
			buildPhases = (
				1A8CC7C52A78595900E7F0E9 /* Sources */,
				1A8CC7C62A78595900E7F0E9 /* Frameworks */,
				1A8CC7C72A78595900E7F0E9 /* Resources */,
				1A8CC7E72A78597A00E7F0E9 /* Embed Frameworks */,
			);
			buildRules = (
			);
			dependencies = (
				1A8CC7E62A78597A00E7F0E9 /* PBXTargetDependency */,
			);
			name = LiveActivityBugWidgetExtension;
			productName = LiveActivityBugWidgetExtension;
			productReference = 1A8CC7C92A78595900E7F0E9 /* LiveActivityBugWidgetExtension.appex */;
			productType = "com.apple.product-type.app-extension";
		};
/* End PBXNativeTarget section */

/* Begin PBXProject section */
		1A8CC77F2A7855E700E7F0E9 /* Project object */ = {
			isa = PBXProject;
			attributes = {
				BuildIndependentTargetsInParallel = 1;
				LastSwiftUpdateCheck = 1430;
				LastUpgradeCheck = 1430;
				TargetAttributes = {
					1A8CC7862A7855E700E7F0E9 = {
						CreatedOnToolsVersion = 14.3;
					};
					1A8CC7A42A78570C00E7F0E9 = {
						CreatedOnToolsVersion = 14.3;
					};
					1A8CC7AD2A78570D00E7F0E9 = {
						CreatedOnToolsVersion = 14.3;
						TestTargetID = 1A8CC7862A7855E700E7F0E9;
					};
					1A8CC7C82A78595900E7F0E9 = {
						CreatedOnToolsVersion = 14.3;
					};
				};
			};
			buildConfigurationList = 1A8CC7822A7855E700E7F0E9 /* Build configuration list for PBXProject "LiveActivityBugTest" */;
			compatibilityVersion = "Xcode 14.0";
			developmentRegion = en;
			hasScannedForEncodings = 0;
			knownRegions = (
				en,
				Base,
			);
			mainGroup = 1A8CC77E2A7855E700E7F0E9;
			productRefGroup = 1A8CC7882A7855E700E7F0E9 /* Products */;
			projectDirPath = "";
			projectRoot = "";
			targets = (
				1A8CC7862A7855E700E7F0E9 /* LiveActivityBugTest */,
				1A8CC7A42A78570C00E7F0E9 /* LiveActivityShared */,
				1A8CC7AD2A78570D00E7F0E9 /* LiveActivitySharedTests */,
				1A8CC7C82A78595900E7F0E9 /* LiveActivityBugWidgetExtension */,
			);
		};
/* End PBXProject section */

/* Begin PBXResourcesBuildPhase section */
		1A8CC7852A7855E700E7F0E9 /* Resources */ = {
			isa = PBXResourcesBuildPhase;
			buildActionMask = 2147483647;
			files = (
				1A8CC79F2A78567C00E7F0E9 /* silence.mp3 in Resources */,
				1A8CC7972A7855E800E7F0E9 /* LaunchScreen.storyboard in Resources */,
				1A8CC7942A7855E800E7F0E9 /* Assets.xcassets in Resources */,
				1A8CC7922A7855E700E7F0E9 /* Main.storyboard in Resources */,
			);
			runOnlyForDeploymentPostprocessing = 0;
		};
		1A8CC7A32A78570C00E7F0E9 /* Resources */ = {
			isa = PBXResourcesBuildPhase;
			buildActionMask = 2147483647;
			files = (
			);
			runOnlyForDeploymentPostprocessing = 0;
		};
		1A8CC7AC2A78570D00E7F0E9 /* Resources */ = {
			isa = PBXResourcesBuildPhase;
			buildActionMask = 2147483647;
			files = (
			);
			runOnlyForDeploymentPostprocessing = 0;
		};
		1A8CC7C72A78595900E7F0E9 /* Resources */ = {
			isa = PBXResourcesBuildPhase;
			buildActionMask = 2147483647;
			files = (
				1A8CC7D82A78595A00E7F0E9 /* Assets.xcassets in Resources */,
			);
			runOnlyForDeploymentPostprocessing = 0;
		};
/* End PBXResourcesBuildPhase section */

/* Begin PBXSourcesBuildPhase section */
		1A8CC7832A7855E700E7F0E9 /* Sources */ = {
			isa = PBXSourcesBuildPhase;
			buildActionMask = 2147483647;
			files = (
				1A8CC78F2A7855E700E7F0E9 /* ViewController.swift in Sources */,
				1A8CC78B2A7855E700E7F0E9 /* AppDelegate.swift in Sources */,
				1A8CC7DB2A78595A00E7F0E9 /* LiveActivityBugWidget.intentdefinition in Sources */,
				1A8CC78D2A7855E700E7F0E9 /* SceneDelegate.swift in Sources */,
			);
			runOnlyForDeploymentPostprocessing = 0;
		};
		1A8CC7A12A78570C00E7F0E9 /* Sources */ = {
			isa = PBXSourcesBuildPhase;
			buildActionMask = 2147483647;
			files = (
				1A8CC7A92A78570C00E7F0E9 /* LiveActivityShared.docc in Sources */,
				1A8CC7C42A78573D00E7F0E9 /* ActivityAttributes.swift in Sources */,
			);
			runOnlyForDeploymentPostprocessing = 0;
		};
		1A8CC7AA2A78570D00E7F0E9 /* Sources */ = {
			isa = PBXSourcesBuildPhase;
			buildActionMask = 2147483647;
			files = (
				1A8CC7B62A78570D00E7F0E9 /* LiveActivitySharedTests.swift in Sources */,
			);
			runOnlyForDeploymentPostprocessing = 0;
		};
		1A8CC7C52A78595900E7F0E9 /* Sources */ = {
			isa = PBXSourcesBuildPhase;
			buildActionMask = 2147483647;
			files = (
				1A8CC7D52A78595900E7F0E9 /* LiveActivityBugWidget.swift in Sources */,
				1A8CC7D32A78595900E7F0E9 /* LiveActivityBugWidgetLiveActivity.swift in Sources */,
				1A8CC7DA2A78595A00E7F0E9 /* LiveActivityBugWidget.intentdefinition in Sources */,
				1A8CC7D12A78595900E7F0E9 /* LiveActivityBugWidgetBundle.swift in Sources */,
			);
			runOnlyForDeploymentPostprocessing = 0;
		};
/* End PBXSourcesBuildPhase section */

/* Begin PBXTargetDependency section */
		1A8CC7B12A78570D00E7F0E9 /* PBXTargetDependency */ = {
			isa = PBXTargetDependency;
			target = 1A8CC7A42A78570C00E7F0E9 /* LiveActivityShared */;
			targetProxy = 1A8CC7B02A78570D00E7F0E9 /* PBXContainerItemProxy */;
		};
		1A8CC7B32A78570D00E7F0E9 /* PBXTargetDependency */ = {
			isa = PBXTargetDependency;
			target = 1A8CC7862A7855E700E7F0E9 /* LiveActivityBugTest */;
			targetProxy = 1A8CC7B22A78570D00E7F0E9 /* PBXContainerItemProxy */;
		};
		1A8CC7B92A78570D00E7F0E9 /* PBXTargetDependency */ = {
			isa = PBXTargetDependency;
			target = 1A8CC7A42A78570C00E7F0E9 /* LiveActivityShared */;
			targetProxy = 1A8CC7B82A78570D00E7F0E9 /* PBXContainerItemProxy */;
		};
		1A8CC7DD2A78595A00E7F0E9 /* PBXTargetDependency */ = {
			isa = PBXTargetDependency;
			target = 1A8CC7C82A78595900E7F0E9 /* LiveActivityBugWidgetExtension */;
			targetProxy = 1A8CC7DC2A78595A00E7F0E9 /* PBXContainerItemProxy */;
		};
		1A8CC7E62A78597A00E7F0E9 /* PBXTargetDependency */ = {
			isa = PBXTargetDependency;
			target = 1A8CC7A42A78570C00E7F0E9 /* LiveActivityShared */;
			targetProxy = 1A8CC7E52A78597A00E7F0E9 /* PBXContainerItemProxy */;
		};
/* End PBXTargetDependency section */

/* Begin PBXVariantGroup section */
		1A8CC7902A7855E700E7F0E9 /* Main.storyboard */ = {
			isa = PBXVariantGroup;
			children = (
				1A8CC7912A7855E700E7F0E9 /* Base */,
			);
			name = Main.storyboard;
			sourceTree = "<group>";
		};
		1A8CC7952A7855E800E7F0E9 /* LaunchScreen.storyboard */ = {
			isa = PBXVariantGroup;
			children = (
				1A8CC7962A7855E800E7F0E9 /* Base */,
			);
			name = LaunchScreen.storyboard;
			sourceTree = "<group>";
		};
/* End PBXVariantGroup section */

/* Begin XCBuildConfiguration section */
		1A8CC7992A7855E800E7F0E9 /* Debug */ = {
			isa = XCBuildConfiguration;
			buildSettings = {
				ALWAYS_SEARCH_USER_PATHS = NO;
				CLANG_ANALYZER_NONNULL = YES;
				CLANG_ANALYZER_NUMBER_OBJECT_CONVERSION = YES_AGGRESSIVE;
				CLANG_CXX_LANGUAGE_STANDARD = "gnu++20";
				CLANG_ENABLE_MODULES = YES;
				CLANG_ENABLE_OBJC_ARC = YES;
				CLANG_ENABLE_OBJC_WEAK = YES;
				CLANG_WARN_BLOCK_CAPTURE_AUTORELEASING = YES;
				CLANG_WARN_BOOL_CONVERSION = YES;
				CLANG_WARN_COMMA = YES;
				CLANG_WARN_CONSTANT_CONVERSION = YES;
				CLANG_WARN_DEPRECATED_OBJC_IMPLEMENTATIONS = YES;
				CLANG_WARN_DIRECT_OBJC_ISA_USAGE = YES_ERROR;
				CLANG_WARN_DOCUMENTATION_COMMENTS = YES;
				CLANG_WARN_EMPTY_BODY = YES;
				CLANG_WARN_ENUM_CONVERSION = YES;
				CLANG_WARN_INFINITE_RECURSION = YES;
				CLANG_WARN_INT_CONVERSION = YES;
				CLANG_WARN_NON_LITERAL_NULL_CONVERSION = YES;
				CLANG_WARN_OBJC_IMPLICIT_RETAIN_SELF = YES;
				CLANG_WARN_OBJC_LITERAL_CONVERSION = YES;
				CLANG_WARN_OBJC_ROOT_CLASS = YES_ERROR;
				CLANG_WARN_QUOTED_INCLUDE_IN_FRAMEWORK_HEADER = YES;
				CLANG_WARN_RANGE_LOOP_ANALYSIS = YES;
				CLANG_WARN_STRICT_PROTOTYPES = YES;
				CLANG_WARN_SUSPICIOUS_MOVE = YES;
				CLANG_WARN_UNGUARDED_AVAILABILITY = YES_AGGRESSIVE;
				CLANG_WARN_UNREACHABLE_CODE = YES;
				CLANG_WARN__DUPLICATE_METHOD_MATCH = YES;
				COPY_PHASE_STRIP = NO;
				DEBUG_INFORMATION_FORMAT = dwarf;
				ENABLE_STRICT_OBJC_MSGSEND = YES;
				ENABLE_TESTABILITY = YES;
				GCC_C_LANGUAGE_STANDARD = gnu11;
				GCC_DYNAMIC_NO_PIC = NO;
				GCC_NO_COMMON_BLOCKS = YES;
				GCC_OPTIMIZATION_LEVEL = 0;
				GCC_PREPROCESSOR_DEFINITIONS = (
					"DEBUG=1",
					"$(inherited)",
				);
				GCC_WARN_64_TO_32_BIT_CONVERSION = YES;
				GCC_WARN_ABOUT_RETURN_TYPE = YES_ERROR;
				GCC_WARN_UNDECLARED_SELECTOR = YES;
				GCC_WARN_UNINITIALIZED_AUTOS = YES_AGGRESSIVE;
				GCC_WARN_UNUSED_FUNCTION = YES;
				GCC_WARN_UNUSED_VARIABLE = YES;
				IPHONEOS_DEPLOYMENT_TARGET = 16.4;
				MTL_ENABLE_DEBUG_INFO = INCLUDE_SOURCE;
				MTL_FAST_MATH = YES;
				ONLY_ACTIVE_ARCH = YES;
				SDKROOT = iphoneos;
				SWIFT_ACTIVE_COMPILATION_CONDITIONS = DEBUG;
				SWIFT_OPTIMIZATION_LEVEL = "-Onone";
			};
			name = Debug;
		};
		1A8CC79A2A7855E800E7F0E9 /* Release */ = {
			isa = XCBuildConfiguration;
			buildSettings = {
				ALWAYS_SEARCH_USER_PATHS = NO;
				CLANG_ANALYZER_NONNULL = YES;
				CLANG_ANALYZER_NUMBER_OBJECT_CONVERSION = YES_AGGRESSIVE;
				CLANG_CXX_LANGUAGE_STANDARD = "gnu++20";
				CLANG_ENABLE_MODULES = YES;
				CLANG_ENABLE_OBJC_ARC = YES;
				CLANG_ENABLE_OBJC_WEAK = YES;
				CLANG_WARN_BLOCK_CAPTURE_AUTORELEASING = YES;
				CLANG_WARN_BOOL_CONVERSION = YES;
				CLANG_WARN_COMMA = YES;
				CLANG_WARN_CONSTANT_CONVERSION = YES;
				CLANG_WARN_DEPRECATED_OBJC_IMPLEMENTATIONS = YES;
				CLANG_WARN_DIRECT_OBJC_ISA_USAGE = YES_ERROR;
				CLANG_WARN_DOCUMENTATION_COMMENTS = YES;
				CLANG_WARN_EMPTY_BODY = YES;
				CLANG_WARN_ENUM_CONVERSION = YES;
				CLANG_WARN_INFINITE_RECURSION = YES;
				CLANG_WARN_INT_CONVERSION = YES;
				CLANG_WARN_NON_LITERAL_NULL_CONVERSION = YES;
				CLANG_WARN_OBJC_IMPLICIT_RETAIN_SELF = YES;
				CLANG_WARN_OBJC_LITERAL_CONVERSION = YES;
				CLANG_WARN_OBJC_ROOT_CLASS = YES_ERROR;
				CLANG_WARN_QUOTED_INCLUDE_IN_FRAMEWORK_HEADER = YES;
				CLANG_WARN_RANGE_LOOP_ANALYSIS = YES;
				CLANG_WARN_STRICT_PROTOTYPES = YES;
				CLANG_WARN_SUSPICIOUS_MOVE = YES;
				CLANG_WARN_UNGUARDED_AVAILABILITY = YES_AGGRESSIVE;
				CLANG_WARN_UNREACHABLE_CODE = YES;
				CLANG_WARN__DUPLICATE_METHOD_MATCH = YES;
				COPY_PHASE_STRIP = NO;
				DEBUG_INFORMATION_FORMAT = "dwarf-with-dsym";
				ENABLE_NS_ASSERTIONS = NO;
				ENABLE_STRICT_OBJC_MSGSEND = YES;
				GCC_C_LANGUAGE_STANDARD = gnu11;
				GCC_NO_COMMON_BLOCKS = YES;
				GCC_WARN_64_TO_32_BIT_CONVERSION = YES;
				GCC_WARN_ABOUT_RETURN_TYPE = YES_ERROR;
				GCC_WARN_UNDECLARED_SELECTOR = YES;
				GCC_WARN_UNINITIALIZED_AUTOS = YES_AGGRESSIVE;
				GCC_WARN_UNUSED_FUNCTION = YES;
				GCC_WARN_UNUSED_VARIABLE = YES;
				IPHONEOS_DEPLOYMENT_TARGET = 16.4;
				MTL_ENABLE_DEBUG_INFO = NO;
				MTL_FAST_MATH = YES;
				SDKROOT = iphoneos;
				SWIFT_COMPILATION_MODE = wholemodule;
				SWIFT_OPTIMIZATION_LEVEL = "-O";
				VALIDATE_PRODUCT = YES;
			};
			name = Release;
		};
		1A8CC79C2A7855E800E7F0E9 /* Debug */ = {
			isa = XCBuildConfiguration;
			buildSettings = {
				ALWAYS_EMBED_SWIFT_STANDARD_LIBRARIES = YES;
				ASSETCATALOG_COMPILER_APPICON_NAME = AppIcon;
				ASSETCATALOG_COMPILER_GLOBAL_ACCENT_COLOR_NAME = AccentColor;
				CODE_SIGN_STYLE = Automatic;
				CURRENT_PROJECT_VERSION = 1;
				DEVELOPMENT_TEAM = LMX25KZT6Y;
				GENERATE_INFOPLIST_FILE = YES;
				INFOPLIST_FILE = LiveActivityBugTest/Info.plist;
				INFOPLIST_KEY_UIApplicationSupportsIndirectInputEvents = YES;
				INFOPLIST_KEY_UILaunchStoryboardName = LaunchScreen;
				INFOPLIST_KEY_UIMainStoryboardFile = Main;
				INFOPLIST_KEY_UISupportedInterfaceOrientations_iPad = "UIInterfaceOrientationPortrait UIInterfaceOrientationPortraitUpsideDown UIInterfaceOrientationLandscapeLeft UIInterfaceOrientationLandscapeRight";
				INFOPLIST_KEY_UISupportedInterfaceOrientations_iPhone = "UIInterfaceOrientationPortrait UIInterfaceOrientationLandscapeLeft UIInterfaceOrientationLandscapeRight";
				LD_RUNPATH_SEARCH_PATHS = (
					"$(inherited)",
					"@executable_path/Frameworks",
				);
				MARKETING_VERSION = 1.0;
				PRODUCT_BUNDLE_IDENTIFIER = org.thethinginitself.finititude.LiveActivityBugTest;
				PRODUCT_NAME = "$(TARGET_NAME)";
				SWIFT_EMIT_LOC_STRINGS = YES;
				SWIFT_VERSION = 5.0;
				TARGETED_DEVICE_FAMILY = "1,2";
			};
			name = Debug;
		};
		1A8CC79D2A7855E800E7F0E9 /* Release */ = {
			isa = XCBuildConfiguration;
			buildSettings = {
				ALWAYS_EMBED_SWIFT_STANDARD_LIBRARIES = YES;
				ASSETCATALOG_COMPILER_APPICON_NAME = AppIcon;
				ASSETCATALOG_COMPILER_GLOBAL_ACCENT_COLOR_NAME = AccentColor;
				CODE_SIGN_STYLE = Automatic;
				CURRENT_PROJECT_VERSION = 1;
				DEVELOPMENT_TEAM = LMX25KZT6Y;
				GENERATE_INFOPLIST_FILE = YES;
				INFOPLIST_FILE = LiveActivityBugTest/Info.plist;
				INFOPLIST_KEY_UIApplicationSupportsIndirectInputEvents = YES;
				INFOPLIST_KEY_UILaunchStoryboardName = LaunchScreen;
				INFOPLIST_KEY_UIMainStoryboardFile = Main;
				INFOPLIST_KEY_UISupportedInterfaceOrientations_iPad = "UIInterfaceOrientationPortrait UIInterfaceOrientationPortraitUpsideDown UIInterfaceOrientationLandscapeLeft UIInterfaceOrientationLandscapeRight";
				INFOPLIST_KEY_UISupportedInterfaceOrientations_iPhone = "UIInterfaceOrientationPortrait UIInterfaceOrientationLandscapeLeft UIInterfaceOrientationLandscapeRight";
				LD_RUNPATH_SEARCH_PATHS = (
					"$(inherited)",
					"@executable_path/Frameworks",
				);
				MARKETING_VERSION = 1.0;
				PRODUCT_BUNDLE_IDENTIFIER = org.thethinginitself.finititude.LiveActivityBugTest;
				PRODUCT_NAME = "$(TARGET_NAME)";
				SWIFT_EMIT_LOC_STRINGS = YES;
				SWIFT_VERSION = 5.0;
				TARGETED_DEVICE_FAMILY = "1,2";
			};
			name = Release;
		};
		1A8CC7BD2A78570D00E7F0E9 /* Debug */ = {
			isa = XCBuildConfiguration;
			buildSettings = {
				CODE_SIGN_STYLE = Automatic;
				CURRENT_PROJECT_VERSION = 1;
				DEFINES_MODULE = YES;
				DEVELOPMENT_TEAM = LMX25KZT6Y;
				DYLIB_COMPATIBILITY_VERSION = 1;
				DYLIB_CURRENT_VERSION = 1;
				DYLIB_INSTALL_NAME_BASE = "@rpath";
				ENABLE_MODULE_VERIFIER = YES;
				GENERATE_INFOPLIST_FILE = YES;
				INFOPLIST_KEY_NSHumanReadableCopyright = "";
				INSTALL_PATH = "$(LOCAL_LIBRARY_DIR)/Frameworks";
				LD_RUNPATH_SEARCH_PATHS = (
					"$(inherited)",
					"@executable_path/Frameworks",
					"@loader_path/Frameworks",
				);
				MARKETING_VERSION = 1.0;
				MODULE_VERIFIER_SUPPORTED_LANGUAGES = "objective-c objective-c++";
				MODULE_VERIFIER_SUPPORTED_LANGUAGE_STANDARDS = "gnu11 gnu++20";
				PRODUCT_BUNDLE_IDENTIFIER = org.thethinginitself.finititude.LiveActivityShared;
				PRODUCT_NAME = "$(TARGET_NAME:c99extidentifier)";
				SKIP_INSTALL = YES;
				SWIFT_EMIT_LOC_STRINGS = YES;
				SWIFT_VERSION = 5.0;
				TARGETED_DEVICE_FAMILY = "1,2";
				VERSIONING_SYSTEM = "apple-generic";
				VERSION_INFO_PREFIX = "";
			};
			name = Debug;
		};
		1A8CC7BE2A78570D00E7F0E9 /* Release */ = {
			isa = XCBuildConfiguration;
			buildSettings = {
				CODE_SIGN_STYLE = Automatic;
				CURRENT_PROJECT_VERSION = 1;
				DEFINES_MODULE = YES;
				DEVELOPMENT_TEAM = LMX25KZT6Y;
				DYLIB_COMPATIBILITY_VERSION = 1;
				DYLIB_CURRENT_VERSION = 1;
				DYLIB_INSTALL_NAME_BASE = "@rpath";
				ENABLE_MODULE_VERIFIER = YES;
				GENERATE_INFOPLIST_FILE = YES;
				INFOPLIST_KEY_NSHumanReadableCopyright = "";
				INSTALL_PATH = "$(LOCAL_LIBRARY_DIR)/Frameworks";
				LD_RUNPATH_SEARCH_PATHS = (
					"$(inherited)",
					"@executable_path/Frameworks",
					"@loader_path/Frameworks",
				);
				MARKETING_VERSION = 1.0;
				MODULE_VERIFIER_SUPPORTED_LANGUAGES = "objective-c objective-c++";
				MODULE_VERIFIER_SUPPORTED_LANGUAGE_STANDARDS = "gnu11 gnu++20";
				PRODUCT_BUNDLE_IDENTIFIER = org.thethinginitself.finititude.LiveActivityShared;
				PRODUCT_NAME = "$(TARGET_NAME:c99extidentifier)";
				SKIP_INSTALL = YES;
				SWIFT_EMIT_LOC_STRINGS = YES;
				SWIFT_VERSION = 5.0;
				TARGETED_DEVICE_FAMILY = "1,2";
				VERSIONING_SYSTEM = "apple-generic";
				VERSION_INFO_PREFIX = "";
			};
			name = Release;
		};
		1A8CC7C12A78570D00E7F0E9 /* Debug */ = {
			isa = XCBuildConfiguration;
			buildSettings = {
				ALWAYS_EMBED_SWIFT_STANDARD_LIBRARIES = YES;
				CODE_SIGN_STYLE = Automatic;
				CURRENT_PROJECT_VERSION = 1;
				DEVELOPMENT_TEAM = LMX25KZT6Y;
				GENERATE_INFOPLIST_FILE = YES;
				MARKETING_VERSION = 1.0;
				PRODUCT_BUNDLE_IDENTIFIER = org.thethinginitself.finititude.LiveActivitySharedTests;
				PRODUCT_NAME = "$(TARGET_NAME)";
				SWIFT_EMIT_LOC_STRINGS = NO;
				SWIFT_VERSION = 5.0;
				TARGETED_DEVICE_FAMILY = "1,2";
				TEST_HOST = "$(BUILT_PRODUCTS_DIR)/LiveActivityBugTest.app/$(BUNDLE_EXECUTABLE_FOLDER_PATH)/LiveActivityBugTest";
			};
			name = Debug;
		};
		1A8CC7C22A78570D00E7F0E9 /* Release */ = {
			isa = XCBuildConfiguration;
			buildSettings = {
				ALWAYS_EMBED_SWIFT_STANDARD_LIBRARIES = YES;
				CODE_SIGN_STYLE = Automatic;
				CURRENT_PROJECT_VERSION = 1;
				DEVELOPMENT_TEAM = LMX25KZT6Y;
				GENERATE_INFOPLIST_FILE = YES;
				MARKETING_VERSION = 1.0;
				PRODUCT_BUNDLE_IDENTIFIER = org.thethinginitself.finititude.LiveActivitySharedTests;
				PRODUCT_NAME = "$(TARGET_NAME)";
				SWIFT_EMIT_LOC_STRINGS = NO;
				SWIFT_VERSION = 5.0;
				TARGETED_DEVICE_FAMILY = "1,2";
				TEST_HOST = "$(BUILT_PRODUCTS_DIR)/LiveActivityBugTest.app/$(BUNDLE_EXECUTABLE_FOLDER_PATH)/LiveActivityBugTest";
			};
			name = Release;
		};
		1A8CC7E02A78595A00E7F0E9 /* Debug */ = {
			isa = XCBuildConfiguration;
			buildSettings = {
				ASSETCATALOG_COMPILER_GLOBAL_ACCENT_COLOR_NAME = AccentColor;
				ASSETCATALOG_COMPILER_WIDGET_BACKGROUND_COLOR_NAME = WidgetBackground;
				CODE_SIGN_STYLE = Automatic;
				CURRENT_PROJECT_VERSION = 1;
				DEVELOPMENT_TEAM = LMX25KZT6Y;
				GENERATE_INFOPLIST_FILE = YES;
				INFOPLIST_FILE = LiveActivityBugWidget/Info.plist;
				INFOPLIST_KEY_CFBundleDisplayName = LiveActivityBugWidget;
				INFOPLIST_KEY_NSHumanReadableCopyright = "";
				LD_RUNPATH_SEARCH_PATHS = (
					"$(inherited)",
					"@executable_path/Frameworks",
					"@executable_path/../../Frameworks",
				);
				MARKETING_VERSION = 1.0;
				PRODUCT_BUNDLE_IDENTIFIER = org.thethinginitself.finititude.LiveActivityBugTest.LiveActivityBugWidget;
				PRODUCT_NAME = "$(TARGET_NAME)";
				SKIP_INSTALL = YES;
				SWIFT_EMIT_LOC_STRINGS = YES;
				SWIFT_VERSION = 5.0;
				TARGETED_DEVICE_FAMILY = "1,2";
			};
			name = Debug;
		};
		1A8CC7E12A78595A00E7F0E9 /* Release */ = {
			isa = XCBuildConfiguration;
			buildSettings = {
				ASSETCATALOG_COMPILER_GLOBAL_ACCENT_COLOR_NAME = AccentColor;
				ASSETCATALOG_COMPILER_WIDGET_BACKGROUND_COLOR_NAME = WidgetBackground;
				CODE_SIGN_STYLE = Automatic;
				CURRENT_PROJECT_VERSION = 1;
				DEVELOPMENT_TEAM = LMX25KZT6Y;
				GENERATE_INFOPLIST_FILE = YES;
				INFOPLIST_FILE = LiveActivityBugWidget/Info.plist;
				INFOPLIST_KEY_CFBundleDisplayName = LiveActivityBugWidget;
				INFOPLIST_KEY_NSHumanReadableCopyright = "";
				LD_RUNPATH_SEARCH_PATHS = (
					"$(inherited)",
					"@executable_path/Frameworks",
					"@executable_path/../../Frameworks",
				);
				MARKETING_VERSION = 1.0;
				PRODUCT_BUNDLE_IDENTIFIER = org.thethinginitself.finititude.LiveActivityBugTest.LiveActivityBugWidget;
				PRODUCT_NAME = "$(TARGET_NAME)";
				SKIP_INSTALL = YES;
				SWIFT_EMIT_LOC_STRINGS = YES;
				SWIFT_VERSION = 5.0;
				TARGETED_DEVICE_FAMILY = "1,2";
			};
			name = Release;
		};
/* End XCBuildConfiguration section */

/* Begin XCConfigurationList section */
		1A8CC7822A7855E700E7F0E9 /* Build configuration list for PBXProject "LiveActivityBugTest" */ = {
			isa = XCConfigurationList;
			buildConfigurations = (
				1A8CC7992A7855E800E7F0E9 /* Debug */,
				1A8CC79A2A7855E800E7F0E9 /* Release */,
			);
			defaultConfigurationIsVisible = 0;
			defaultConfigurationName = Release;
		};
		1A8CC79B2A7855E800E7F0E9 /* Build configuration list for PBXNativeTarget "LiveActivityBugTest" */ = {
			isa = XCConfigurationList;
			buildConfigurations = (
				1A8CC79C2A7855E800E7F0E9 /* Debug */,
				1A8CC79D2A7855E800E7F0E9 /* Release */,
			);
			defaultConfigurationIsVisible = 0;
			defaultConfigurationName = Release;
		};
		1A8CC7BC2A78570D00E7F0E9 /* Build configuration list for PBXNativeTarget "LiveActivityShared" */ = {
			isa = XCConfigurationList;
			buildConfigurations = (
				1A8CC7BD2A78570D00E7F0E9 /* Debug */,
				1A8CC7BE2A78570D00E7F0E9 /* Release */,
			);
			defaultConfigurationIsVisible = 0;
			defaultConfigurationName = Release;
		};
		1A8CC7C02A78570D00E7F0E9 /* Build configuration list for PBXNativeTarget "LiveActivitySharedTests" */ = {
			isa = XCConfigurationList;
			buildConfigurations = (
				1A8CC7C12A78570D00E7F0E9 /* Debug */,
				1A8CC7C22A78570D00E7F0E9 /* Release */,
			);
			defaultConfigurationIsVisible = 0;
			defaultConfigurationName = Release;
		};
		1A8CC7DF2A78595A00E7F0E9 /* Build configuration list for PBXNativeTarget "LiveActivityBugWidgetExtension" */ = {
			isa = XCConfigurationList;
			buildConfigurations = (
				1A8CC7E02A78595A00E7F0E9 /* Debug */,
				1A8CC7E12A78595A00E7F0E9 /* Release */,
			);
			defaultConfigurationIsVisible = 0;
			defaultConfigurationName = Release;
		};
/* End XCConfigurationList section */
	};
	rootObject = 1A8CC77F2A7855E700E7F0E9 /* Project object */;
}
